
Microsoft Visual Studio Solution File, Format Version 12.00
# Visual Studio Version 17
VisualStudioVersion = 17.8.34330.188
MinimumVisualStudioVersion = 10.0.40219.1
Project("{9A19103F-16F7-4668-BE54-9A1E7A4F7556}") = "Fabio_Leo_Kuehlschrankplaner", "src\Fabio_Leo_Kuehlschrankplaner.csproj", "{216B0ED0-7219-4BFF-AD2E-9F48B65A3052}"
EndProject
Global
	GlobalSection(SolutionConfigurationPlatforms) = preSolution
		Debug|Any CPU = Debug|Any CPU
		Release|Any CPU = Release|Any CPU
	EndGlobalSection
	GlobalSection(ProjectConfigurationPlatforms) = postSolution
		{216B0ED0-7219-4BFF-AD2E-9F48B65A3052}.Debug|Any CPU.ActiveCfg = Debug|Any CPU
		{216B0ED0-7219-4BFF-AD2E-9F48B65A3052}.Debug|Any CPU.Build.0 = Debug|Any CPU
		{216B0ED0-7219-4BFF-AD2E-9F48B65A3052}.Release|Any CPU.ActiveCfg = Release|Any CPU
		{216B0ED0-7219-4BFF-AD2E-9F48B65A3052}.Release|Any CPU.Build.0 = Release|Any CPU
	EndGlobalSection
	GlobalSection(SolutionProperties) = preSolution
		HideSolutionNode = FALSE
	EndGlobalSection
	GlobalSection(ExtensibilityGlobals) = postSolution
		SolutionGuid = {AA79C003-BE2E-482B-9B1F-0B1550C43441}
	EndGlobalSection
EndGlobal
